
Microsoft Visual Studio Solution File, Format Version 11.00
# Visual Studio 2010
Project("{FAE04EC0-301F-11D3-BF4B-00C04F79EFBC}") = "AC.Base.Forms", "AC.Base.Forms\AC.Base.Forms.csproj", "{2CD7A887-7CF0-43BE-9877-611FE2978802}"
EndProject
Project("{FAE04EC0-301F-11D3-BF4B-00C04F79EFBC}") = "AC.Base.Forms.Windows", "AC.Base.Forms.Windows\AC.Base.Forms.Windows.csproj", "{CF583F16-2539-49E7-8676-191C8761974F}"
EndProject
Project("{FAE04EC0-301F-11D3-BF4B-00C04F79EFBC}") = "AC.Base", "AC.Base\AC.Base.csproj", "{A3D9DA48-A92F-498E-B073-D9361324A3D4}"
EndProject
Project("{FAE04EC0-301F-11D3-BF4B-00C04F79EFBC}") = "MainForm", "MainForm\MainForm.csproj", "{1D4DF9FD-4A17-4795-A49E-8A4550FCBDA2}"
EndProject
Global
	GlobalSection(SolutionConfigurationPlatforms) = preSolution
		Debug|Any CPU = Debug|Any CPU
		Debug|Mixed Platforms = Debug|Mixed Platforms
		Debug|x64 = Debug|x64
		Debug|x86 = Debug|x86
		Release|Any CPU = Release|Any CPU
		Release|Mixed Platforms = Release|Mixed Platforms
		Release|x64 = Release|x64
		Release|x86 = Release|x86
	EndGlobalSection
	GlobalSection(ProjectConfigurationPlatforms) = postSolution
		{2CD7A887-7CF0-43BE-9877-611FE2978802}.Debug|Any CPU.ActiveCfg = Debug|Any CPU
		{2CD7A887-7CF0-43BE-9877-611FE2978802}.Debug|Any CPU.Build.0 = Debug|Any CPU
		{2CD7A887-7CF0-43BE-9877-611FE2978802}.Debug|Mixed Platforms.ActiveCfg = Debug|Any CPU
		{2CD7A887-7CF0-43BE-9877-611FE2978802}.Debug|Mixed Platforms.Build.0 = Debug|Any CPU
		{2CD7A887-7CF0-43BE-9877-611FE2978802}.Debug|x64.ActiveCfg = Debug|Any CPU
		{2CD7A887-7CF0-43BE-9877-611FE2978802}.Debug|x64.Build.0 = Debug|Any CPU
		{2CD7A887-7CF0-43BE-9877-611FE2978802}.Debug|x86.ActiveCfg = Debug|Any CPU
		{2CD7A887-7CF0-43BE-9877-611FE2978802}.Debug|x86.Build.0 = Debug|Any CPU
		{2CD7A887-7CF0-43BE-9877-611FE2978802}.Release|Any CPU.ActiveCfg = Release|Any CPU
		{2CD7A887-7CF0-43BE-9877-611FE2978802}.Release|Any CPU.Build.0 = Release|Any CPU
		{2CD7A887-7CF0-43BE-9877-611FE2978802}.Release|Mixed Platforms.ActiveCfg = Release|Any CPU
		{2CD7A887-7CF0-43BE-9877-611FE2978802}.Release|Mixed Platforms.Build.0 = Release|Any CPU
		{2CD7A887-7CF0-43BE-9877-611FE2978802}.Release|x64.ActiveCfg = Release|Any CPU
		{2CD7A887-7CF0-43BE-9877-611FE2978802}.Release|x86.ActiveCfg = Release|Any CPU
		{CF583F16-2539-49E7-8676-191C8761974F}.Debug|Any CPU.ActiveCfg = Debug|Any CPU
		{CF583F16-2539-49E7-8676-191C8761974F}.Debug|Any CPU.Build.0 = Debug|Any CPU
		{CF583F16-2539-49E7-8676-191C8761974F}.Debug|Mixed Platforms.ActiveCfg = Debug|Any CPU
		{CF583F16-2539-49E7-8676-191C8761974F}.Debug|Mixed Platforms.Build.0 = Debug|Any CPU
		{CF583F16-2539-49E7-8676-191C8761974F}.Debug|x64.ActiveCfg = Debug|Any CPU
		{CF583F16-2539-49E7-8676-191C8761974F}.Debug|x64.Build.0 = Debug|Any CPU
		{CF583F16-2539-49E7-8676-191C8761974F}.Debug|x86.ActiveCfg = Debug|Any CPU
		{CF583F16-2539-49E7-8676-191C8761974F}.Debug|x86.Build.0 = Debug|Any CPU
		{CF583F16-2539-49E7-8676-191C8761974F}.Release|Any CPU.ActiveCfg = Release|Any CPU
		{CF583F16-2539-49E7-8676-191C8761974F}.Release|Any CPU.Build.0 = Release|Any CPU
		{CF583F16-2539-49E7-8676-191C8761974F}.Release|Mixed Platforms.ActiveCfg = Release|Any CPU
		{CF583F16-2539-49E7-8676-191C8761974F}.Release|Mixed Platforms.Build.0 = Release|Any CPU
		{CF583F16-2539-49E7-8676-191C8761974F}.Release|x64.ActiveCfg = Release|Any CPU
		{CF583F16-2539-49E7-8676-191C8761974F}.Release|x86.ActiveCfg = Release|Any CPU
		{A3D9DA48-A92F-498E-B073-D9361324A3D4}.Debug|Any CPU.ActiveCfg = Debug|Any CPU
		{A3D9DA48-A92F-498E-B073-D9361324A3D4}.Debug|Any CPU.Build.0 = Debug|Any CPU
		{A3D9DA48-A92F-498E-B073-D9361324A3D4}.Debug|Mixed Platforms.ActiveCfg = Debug|Any CPU
		{A3D9DA48-A92F-498E-B073-D9361324A3D4}.Debug|Mixed Platforms.Build.0 = Debug|Any CPU
		{A3D9DA48-A92F-498E-B073-D9361324A3D4}.Debug|x64.ActiveCfg = Debug|Any CPU
		{A3D9DA48-A92F-498E-B073-D9361324A3D4}.Debug|x64.Build.0 = Debug|Any CPU
		{A3D9DA48-A92F-498E-B073-D9361324A3D4}.Debug|x86.ActiveCfg = Debug|Any CPU
		{A3D9DA48-A92F-498E-B073-D9361324A3D4}.Debug|x86.Build.0 = Debug|Any CPU
		{A3D9DA48-A92F-498E-B073-D9361324A3D4}.Release|Any CPU.ActiveCfg = Release|Any CPU
		{A3D9DA48-A92F-498E-B073-D9361324A3D4}.Release|Any CPU.Build.0 = Release|Any CPU
		{A3D9DA48-A92F-498E-B073-D9361324A3D4}.Release|Mixed Platforms.ActiveCfg = Release|Any CPU
		{A3D9DA48-A92F-498E-B073-D9361324A3D4}.Release|Mixed Platforms.Build.0 = Release|Any CPU
		{A3D9DA48-A92F-498E-B073-D9361324A3D4}.Release|x64.ActiveCfg = Release|Any CPU
		{A3D9DA48-A92F-498E-B073-D9361324A3D4}.Release|x86.ActiveCfg = Release|Any CPU
		{1D4DF9FD-4A17-4795-A49E-8A4550FCBDA2}.Debug|Any CPU.ActiveCfg = Debug|x64
		{1D4DF9FD-4A17-4795-A49E-8A4550FCBDA2}.Debug|Mixed Platforms.ActiveCfg = Debug|x64
		{1D4DF9FD-4A17-4795-A49E-8A4550FCBDA2}.Debug|Mixed Platforms.Build.0 = Debug|x64
		{1D4DF9FD-4A17-4795-A49E-8A4550FCBDA2}.Debug|x64.ActiveCfg = Debug|x86
		{1D4DF9FD-4A17-4795-A49E-8A4550FCBDA2}.Debug|x64.Build.0 = Debug|x86
		{1D4DF9FD-4A17-4795-A49E-8A4550FCBDA2}.Debug|x86.ActiveCfg = Debug|x86
		{1D4DF9FD-4A17-4795-A49E-8A4550FCBDA2}.Debug|x86.Build.0 = Debug|x86
		{1D4DF9FD-4A17-4795-A49E-8A4550FCBDA2}.Release|Any CPU.ActiveCfg = Release|x64
		{1D4DF9FD-4A17-4795-A49E-8A4550FCBDA2}.Release|Mixed Platforms.ActiveCfg = Release|x64
		{1D4DF9FD-4A17-4795-A49E-8A4550FCBDA2}.Release|Mixed Platforms.Build.0 = Release|x64
		{1D4DF9FD-4A17-4795-A49E-8A4550FCBDA2}.Release|x64.ActiveCfg = Release|x64
		{1D4DF9FD-4A17-4795-A49E-8A4550FCBDA2}.Release|x64.Build.0 = Release|x64
		{1D4DF9FD-4A17-4795-A49E-8A4550FCBDA2}.Release|x86.ActiveCfg = Release|x86
		{1D4DF9FD-4A17-4795-A49E-8A4550FCBDA2}.Release|x86.Build.0 = Release|x86
	EndGlobalSection
	GlobalSection(SolutionProperties) = preSolution
		HideSolutionNode = FALSE
	EndGlobalSection
EndGlobal
